
Microsoft Visual Studio Solution File, Format Version 12.00
# Visual Studio Version 17
VisualStudioVersion = 17.1.32414.318
MinimumVisualStudioVersion = 10.0.40219.1
Project("{FAE04EC0-301F-11D3-BF4B-00C04F79EFBC}") = "Homework_6", "Homework_6\Homework_6.csproj", "{706EB4F2-8A9A-48A8-AB87-EB71CA885057}"
EndProject
Global
	GlobalSection(SolutionConfigurationPlatforms) = preSolution
		Debug|Any CPU = Debug|Any CPU
		Release|Any CPU = Release|Any CPU
	EndGlobalSection
	GlobalSection(ProjectConfigurationPlatforms) = postSolution
		{706EB4F2-8A9A-48A8-AB87-EB71CA885057}.Debug|Any CPU.ActiveCfg = Debug|Any CPU
		{706EB4F2-8A9A-48A8-AB87-EB71CA885057}.Debug|Any CPU.Build.0 = Debug|Any CPU
		{706EB4F2-8A9A-48A8-AB87-EB71CA885057}.Release|Any CPU.ActiveCfg = Release|Any CPU
		{706EB4F2-8A9A-48A8-AB87-EB71CA885057}.Release|Any CPU.Build.0 = Release|Any CPU
	EndGlobalSection
	GlobalSection(SolutionProperties) = preSolution
		HideSolutionNode = FALSE
	EndGlobalSection
	GlobalSection(ExtensibilityGlobals) = postSolution
		SolutionGuid = {1173E33B-3246-4068-8BBC-71F2EEE9852C}
	EndGlobalSection
EndGlobal
